
Microsoft Visual Studio Solution File, Format Version 12.00
# Visual Studio Version 17
VisualStudioVersion = 17.2.32616.157
MinimumVisualStudioVersion = 10.0.40219.1
Project("{9A19103F-16F7-4668-BE54-9A1E7A4F7556}") = "CITEWiki", "SortingArray\CITEWiki.csproj", "{AE9C427F-D310-46C2-A784-E64F33D29BB8}"
EndProject
Global
	GlobalSection(SolutionConfigurationPlatforms) = preSolution
		Debug|Any CPU = Debug|Any CPU
		Release|Any CPU = Release|Any CPU
	EndGlobalSection
	GlobalSection(ProjectConfigurationPlatforms) = postSolution
		{AE9C427F-D310-46C2-A784-E64F33D29BB8}.Debug|Any CPU.ActiveCfg = Debug|Any CPU
		{AE9C427F-D310-46C2-A784-E64F33D29BB8}.Debug|Any CPU.Build.0 = Debug|Any CPU
		{AE9C427F-D310-46C2-A784-E64F33D29BB8}.Release|Any CPU.ActiveCfg = Release|Any CPU
		{AE9C427F-D310-46C2-A784-E64F33D29BB8}.Release|Any CPU.Build.0 = Release|Any CPU
	EndGlobalSection
	GlobalSection(SolutionProperties) = preSolution
		HideSolutionNode = FALSE
	EndGlobalSection
	GlobalSection(ExtensibilityGlobals) = postSolution
		SolutionGuid = {C7195644-649F-4E1F-ADC9-CB09D0AD62B4}
	EndGlobalSection
EndGlobal
